{
  "name": "sandbox",
  "version": "0.1.0",
  "lockfileVersion": 3,
  "requires": true,
  "packages": {
    "": {
      "name": "sandbox",
      "version": "0.1.0",
      "license": "MIT",
      "dependencies": {
        "@apollo/datasource-rest": "^6.2.2"
      }
    },
    "node_modules/@apollo/datasource-rest": {
      "version": "6.2.2",
      "resolved": "https://registry.npmjs.org/@apollo/datasource-rest/-/datasource-rest-6.2.2.tgz",
      "integrity": "sha512-0rxlyAdlZ5n4zoPsME5TCzxZiyu/4m5dawatclr2ckwAewnGARcqdhFnckrhlOIgLQTtcl9lCmUit4DGoK47lw==",
      "dependencies": {
        "@apollo/utils.fetcher": "^3.0.0",
        "@apollo/utils.keyvaluecache": "^3.1.0",
        "@apollo/utils.logger": "^3.0.0",
        "@apollo/utils.withrequired": "^3.0.0",
        "@types/http-cache-semantics": "^4.0.1",
        "http-cache-semantics": "^4.1.1",
        "lodash.clonedeep": "^4.5.0",
        "lodash.isplainobject": "^4.0.6",
        "node-fetch": "^2.6.7"
      },
      "engines": {
        "node": ">=16.14"
      },
      "peerDependencies": {
        "graphql": "^16.5.0"
      }
    },
    "node_modules/@apollo/utils.fetcher": {
      "version": "3.1.0",
      "resolved": "https://registry.npmjs.org/@apollo/utils.fetcher/-/utils.fetcher-3.1.0.tgz",
      "integrity": "sha512-Z3QAyrsQkvrdTuHAFwWDNd+0l50guwoQUoaDQssLOjkmnmVuvXlJykqlEJolio+4rFwBnWdoY1ByFdKaQEcm7A==",
      "engines": {
        "node": ">=16"
      }
    },
    "node_modules/@apollo/utils.keyvaluecache": {
      "version": "3.1.0",
      "resolved": "https://registry.npmjs.org/@apollo/utils.keyvaluecache/-/utils.keyvaluecache-3.1.0.tgz",
      "integrity": "sha512-MM/DKIqpQQbuNG1gNPAlGc45THdWkroTmN8o/J09merFwf/LlZ7+lAfcHFDXIYIknwKmUjJrOMS3OxYbjrz2hA==",
      "dependencies": {
        "@apollo/utils.logger": "^3.0.0",
        "lru-cache": "^10.0.0"
      },
      "engines": {
        "node": ">=16.14"
      }
    },
    "node_modules/@apollo/utils.logger": {
      "version": "3.0.0",
      "resolved": "https://registry.npmjs.org/@apollo/utils.logger/-/utils.logger-3.0.0.tgz",
      "integrity": "sha512-M8V8JOTH0F2qEi+ktPfw4RL7MvUycDfKp7aEap2eWXfL5SqWHN6jTLbj5f5fj1cceHpyaUSOZlvlaaryaxZAmg==",
      "engines": {
        "node": ">=16"
      }
    },
    "node_modules/@apollo/utils.withrequired": {
      "version": "3.0.0",
      "resolved": "https://registry.npmjs.org/@apollo/utils.withrequired/-/utils.withrequired-3.0.0.tgz",
      "integrity": "sha512-aaxeavfJ+RHboh7c2ofO5HHtQobGX4AgUujXP4CXpREHp9fQ9jPi6K9T1jrAKe7HIipoP0OJ1gd6JamSkFIpvA==",
      "engines": {
        "node": ">=16"
      }
    },
    "node_modules/@types/http-cache-semantics": {
      "version": "4.0.4",
      "resolved": "https://registry.npmjs.org/@types/http-cache-semantics/-/http-cache-semantics-4.0.4.tgz",
      "integrity": "sha512-1m0bIFVc7eJWyve9S0RnuRgcQqF/Xd5QsUZAZeQFr1Q3/p9JWoQQEqmVy+DPTNpGXwhgIetAoYF8JSc33q29QA=="
    },
    "node_modules/graphql": {
      "version": "16.8.1",
      "resolved": "https://registry.npmjs.org/graphql/-/graphql-16.8.1.tgz",
      "integrity": "sha512-59LZHPdGZVh695Ud9lRzPBVTtlX9ZCV150Er2W43ro37wVof0ctenSaskPPjN7lVTIN8mSZt8PHUNKZuNQUuxw==",
      "peer": true,
      "engines": {
        "node": "^12.22.0 || ^14.16.0 || ^16.0.0 || >=17.0.0"
      }
    },
    "node_modules/http-cache-semantics": {
      "version": "4.1.1",
      "resolved": "https://registry.npmjs.org/http-cache-semantics/-/http-cache-semantics-4.1.1.tgz",
      "integrity": "sha512-er295DKPVsV82j5kw1Gjt+ADA/XYHsajl82cGNQG2eyoPkvgUhX+nDIyelzhIWbbsXP39EHcI6l5tYs2FYqYXQ=="
    },
    "node_modules/lodash.clonedeep": {
      "version": "4.5.0",
      "resolved": "https://registry.npmjs.org/lodash.clonedeep/-/lodash.clonedeep-4.5.0.tgz",
      "integrity": "sha512-H5ZhCF25riFd9uB5UCkVKo61m3S/xZk1x4wA6yp/L3RFP6Z/eHH1ymQcGLo7J3GMPfm0V/7m1tryHuGVxpqEBQ=="
    },
    "node_modules/lodash.isplainobject": {
      "version": "4.0.6",
      "resolved": "https://registry.npmjs.org/lodash.isplainobject/-/lodash.isplainobject-4.0.6.tgz",
      "integrity": "sha512-oSXzaWypCMHkPC3NvBEaPHf0KsA5mvPrOPgQWDsbg8n7orZ290M0BmC/jgRZ4vcJ6DTAhjrsSYgdsW/F+MFOBA=="
    },
    "node_modules/lru-cache": {
      "version": "10.1.0",
      "resolved": "https://registry.npmjs.org/lru-cache/-/lru-cache-10.1.0.tgz",
      "integrity": "sha512-/1clY/ui8CzjKFyjdvwPWJUYKiFVXG2I2cY0ssG7h4+hwk+XOIX7ZSG9Q7TW8TW3Kp3BUSqgFWBLgL4PJ+Blag==",
      "engines": {
        "node": "14 || >=16.14"
      }
    },
    "node_modules/node-fetch": {
      "version": "2.7.0",
      "resolved": "https://registry.npmjs.org/node-fetch/-/node-fetch-2.7.0.tgz",
      "integrity": "sha512-c4FRfUm/dbcWZ7U+1Wq0AwCyFL+3nt2bEw05wfxSz+DWpWsitgmSgYmy2dQdWyKC1694ELPqMs/YzUSNozLt8A==",
      "dependencies": {
        "whatwg-url": "^5.0.0"
      },
      "engines": {
        "node": "4.x || >=6.0.0"
      },
      "peerDependencies": {
        "encoding": "^0.1.0"
      },
      "peerDependenciesMeta": {
        "encoding": {
          "optional": true
        }
      }
    },
    "node_modules/tr46": {
      "version": "0.0.3",
      "resolved": "https://registry.npmjs.org/tr46/-/tr46-0.0.3.tgz",
      "integrity": "sha512-N3WMsuqV66lT30CrXNbEjx4GEwlow3v6rr4mCcv6prnfwhS01rkgyFdjPNBYd9br7LpXV1+Emh01fHnq2Gdgrw=="
    },
    "node_modules/webidl-conversions": {
      "version": "3.0.1",
      "resolved": "https://registry.npmjs.org/webidl-conversions/-/webidl-conversions-3.0.1.tgz",
      "integrity": "sha512-2JAn3z8AR6rjK8Sm8orRC0h/bcl/DqL7tRPdGZ4I1CjdF+EaMLmYxBHyXuKL849eucPFhvBoxMsflfOb8kxaeQ=="
    },
    "node_modules/whatwg-url": {
      "version": "5.0.0",
      "resolved": "https://registry.npmjs.org/whatwg-url/-/whatwg-url-5.0.0.tgz",
      "integrity": "sha512-saE57nupxk6v3HY35+jzBwYa0rKSy0XR8JSxZPwgLr7ys0IBzhGviA1/TUGJLmSVqs8pb9AnvICXEuOHLprYTw==",
      "dependencies": {
        "tr46": "~0.0.3",
        "webidl-conversions": "^3.0.0"
      }
    }
  }
}
